
Microsoft Visual Studio Solution File, Format Version 12.00
# Visual Studio 2012
Project("{FAE04EC0-301F-11D3-BF4B-00C04F79EFBC}") = "Chatbot", "Chatbot\Chatbot.csproj", "{EC8E6556-EC96-4E03-98DA-65670645022E}"
EndProject
Global
	GlobalSection(SolutionConfigurationPlatforms) = preSolution
		Debug|Any CPU = Debug|Any CPU
		Release|Any CPU = Release|Any CPU
	EndGlobalSection
	GlobalSection(ProjectConfigurationPlatforms) = postSolution
		{EC8E6556-EC96-4E03-98DA-65670645022E}.Debug|Any CPU.ActiveCfg = Debug|Any CPU
		{EC8E6556-EC96-4E03-98DA-65670645022E}.Debug|Any CPU.Build.0 = Debug|Any CPU
		{EC8E6556-EC96-4E03-98DA-65670645022E}.Release|Any CPU.ActiveCfg = Release|Any CPU
		{EC8E6556-EC96-4E03-98DA-65670645022E}.Release|Any CPU.Build.0 = Release|Any CPU
	EndGlobalSection
EndGlobal
